// !$*UTF8*$!
{
	archiveVersion = 1;
	classes = {};
	objectVersion = 77;
	objects = {

/* Begin PBXBuildFile section */
		100000000000000000000001 /* main.m in Sources */ = {isa = PBXBuildFile; fileRef = 100000000000000000000002 /* main.m */; };
/* End PBXBuildFile section */

/* Begin PBXFileReference section */
		100000000000000000000002 /* main.m */ = {isa = PBXFileReference; lastKnownFileType = sourcecode.c.objc; path = main.m; sourceTree = "<group>"; };
		100000000000000000000003 /* Info.plist */ = {isa = PBXFileReference; lastKnownFileType = text.plist.xml; path = Info.plist; sourceTree = "<group>"; };
		100000000000000000000004 /* MaxTubeProvisioning.app */ = {isa = PBXFileReference; explicitFileType = wrapper.application; includeInIndex = 0; path = MaxTubeProvisioning.app; sourceTree = BUILT_PRODUCTS_DIR; };
/* End PBXFileReference section */

/* Begin PBXFrameworksBuildPhase section */
		100000000000000000000005 /* Frameworks */ = {
			isa = PBXFrameworksBuildPhase;
			buildActionMask = 2147483647;
			files = ();
			runOnlyForDeploymentPostprocessing = 0;
		};
/* End PBXFrameworksBuildPhase section */

/* Begin PBXGroup section */
		100000000000000000000006 = {
			isa = PBXGroup;
			children = (
				100000000000000000000002 /* main.m */,
				100000000000000000000003 /* Info.plist */,
				100000000000000000000007 /* Products */,
			);
			sourceTree = "<group>";
		};
		100000000000000000000007 /* Products */ = {
			isa = PBXGroup;
			children = (
				100000000000000000000004 /* MaxTubeProvisioning.app */,
			);
			name = Products;
			sourceTree = "<group>";
		};
/* End PBXGroup section */

/* Begin PBXNativeTarget section */
		100000000000000000000008 /* MaxTubeProvisioning */ = {
			isa = PBXNativeTarget;
			buildConfigurationList = 100000000000000000000009 /* Build configuration list for PBXNativeTarget "MaxTubeProvisioning" */;
			buildPhases = (
				10000000000000000000000A /* Sources */,
				100000000000000000000005 /* Frameworks */,
				10000000000000000000000B /* Resources */,
			);
			buildRules = ();
			dependencies = ();
			name = MaxTubeProvisioning;
			productName = MaxTubeProvisioning;
			productReference = 100000000000000000000004 /* MaxTubeProvisioning.app */;
			productType = "com.apple.product-type.application";
		};
/* End PBXNativeTarget section */

/* Begin PBXProject section */
		10000000000000000000000C /* Project object */ = {
			isa = PBXProject;
			attributes = {
				BuildIndependentTargetsInParallel = 1;
				LastUpgradeCheck = 2700;
				TargetAttributes = {
					100000000000000000000008 = {
						CreatedOnToolsVersion = 27.0;
						DevelopmentTeam = 9PQP6CDMQT;
						ProvisioningStyle = Automatic;
					};
				};
			};
			buildConfigurationList = 10000000000000000000000D /* Build configuration list for PBXProject "MaxTubeProvisioning" */;
			compatibilityVersion = "Xcode 16.0";
			developmentRegion = en;
			hasScannedForEncodings = 0;
			knownRegions = (en, Base);
			mainGroup = 100000000000000000000006;
			productRefGroup = 100000000000000000000007 /* Products */;
			projectDirPath = "";
			projectRoot = "";
			targets = (100000000000000000000008 /* MaxTubeProvisioning */);
		};
/* End PBXProject section */

/* Begin PBXResourcesBuildPhase section */
		10000000000000000000000B /* Resources */ = {
			isa = PBXResourcesBuildPhase;
			buildActionMask = 2147483647;
			files = ();
			runOnlyForDeploymentPostprocessing = 0;
		};
/* End PBXResourcesBuildPhase section */

/* Begin PBXSourcesBuildPhase section */
		10000000000000000000000A /* Sources */ = {
			isa = PBXSourcesBuildPhase;
			buildActionMask = 2147483647;
			files = (100000000000000000000001 /* main.m in Sources */);
			runOnlyForDeploymentPostprocessing = 0;
		};
/* End PBXSourcesBuildPhase section */

/* Begin XCBuildConfiguration section */
		10000000000000000000000E /* Debug */ = {
			isa = XCBuildConfiguration;
			buildSettings = {
				CLANG_ENABLE_MODULES = YES;
				CODE_SIGN_STYLE = Automatic;
				DEVELOPMENT_TEAM = 9PQP6CDMQT;
				ENABLE_TESTABILITY = YES;
				INFOPLIST_FILE = Info.plist;
				OTHER_LDFLAGS = ("-framework", UIKit);
				PRODUCT_BUNDLE_IDENTIFIER = com.xsyetopz.maxtube.tvos;
				PRODUCT_NAME = "$(TARGET_NAME)";
				SDKROOT = appletvos;
				SUPPORTED_PLATFORMS = appletvos;
				TARGETED_DEVICE_FAMILY = 3;
				TVOS_DEPLOYMENT_TARGET = 15.0;
			};
			name = Debug;
		};
		10000000000000000000000F /* Release */ = {
			isa = XCBuildConfiguration;
			buildSettings = {
				CLANG_ENABLE_MODULES = YES;
				CODE_SIGN_STYLE = Automatic;
				DEVELOPMENT_TEAM = 9PQP6CDMQT;
				INFOPLIST_FILE = Info.plist;
				OTHER_LDFLAGS = ("-framework", UIKit);
				PRODUCT_BUNDLE_IDENTIFIER = com.xsyetopz.maxtube.tvos;
				PRODUCT_NAME = "$(TARGET_NAME)";
				SDKROOT = appletvos;
				SUPPORTED_PLATFORMS = appletvos;
				TARGETED_DEVICE_FAMILY = 3;
				TVOS_DEPLOYMENT_TARGET = 15.0;
			};
			name = Release;
		};
		100000000000000000000010 /* Debug */ = {
			isa = XCBuildConfiguration;
			buildSettings = {
				ALWAYS_SEARCH_USER_PATHS = NO;
				CLANG_ENABLE_OBJC_ARC = YES;
				SDKROOT = appletvos;
			};
			name = Debug;
		};
		100000000000000000000011 /* Release */ = {
			isa = XCBuildConfiguration;
			buildSettings = {
				ALWAYS_SEARCH_USER_PATHS = NO;
				CLANG_ENABLE_OBJC_ARC = YES;
				SDKROOT = appletvos;
			};
			name = Release;
		};
/* End XCBuildConfiguration section */

/* Begin XCConfigurationList section */
		100000000000000000000009 /* Build configuration list for PBXNativeTarget "MaxTubeProvisioning" */ = {
			isa = XCConfigurationList;
			buildConfigurations = (10000000000000000000000E, 10000000000000000000000F);
			defaultConfigurationIsVisible = 0;
			defaultConfigurationName = Release;
		};
		10000000000000000000000D /* Build configuration list for PBXProject "MaxTubeProvisioning" */ = {
			isa = XCConfigurationList;
			buildConfigurations = (100000000000000000000010, 100000000000000000000011);
			defaultConfigurationIsVisible = 0;
			defaultConfigurationName = Release;
		};
/* End XCConfigurationList section */
	};
	rootObject = 10000000000000000000000C /* Project object */;
}
